<Solution>
  <Folder Name="/Solution Items/">
    <File Path=".gitignore" />
    <File Path="README.md" />
  </Folder>
  <Folder Name="/src/" />
  <Folder Name="/tests/">
    <Project Path="tests/ScryfallApi.Client.Tests/ScryfallApi.Client.Tests.csproj" />
  </Folder>
  <Project Path="src/ScryfallApi.Client/ScryfallApi.Client.csproj" />
</Solution>
